[[package]]
name = "absl-py"
version = "0.14.1"
description = "Abseil Python Common Libraries, see https://github.com/abseil/abseil-py."
category = "main"
optional = false
python-versions = "*"

[package.dependencies]
six = "*"

[[package]]
name = "aiohttp"
version = "3.7.4.post0"
description = "Async http client/server framework (asyncio)"
category = "main"
optional = false
python-versions = ">=3.6"

[package.dependencies]
async-timeout = ">=3.0,<4.0"
attrs = ">=17.3.0"
chardet = ">=2.0,<5.0"
multidict = ">=4.5,<7.0"
typing-extensions = ">=3.6.5"
yarl = ">=1.0,<2.0"

[package.extras]
speedups = ["aiodns", "brotlipy", "cchardet"]

[[package]]
name = "async-timeout"
version = "3.0.1"
description = "Timeout context manager for asyncio programs"
category = "main"
optional = false
python-versions = ">=3.5.3"

[[package]]
name = "attrs"
version = "21.2.0"
description = "Classes Without Boilerplate"
category = "main"
optional = false
python-versions = ">=2.7, !=3.0.*, !=3.1.*, !=3.2.*, !=3.3.*, !=3.4.*"

[package.extras]
dev = ["coverage[toml] (>=5.0.2)", "hypothesis", "pympler", "pytest (>=4.3.0)", "six", "mypy", "pytest-mypy-plugins", "zope.interface", "furo", "sphinx", "sphinx-notfound-page", "pre-commit"]
docs = ["furo", "sphinx", "zope.interface", "sphinx-notfound-page"]
tests = ["coverage[toml] (>=5.0.2)", "hypothesis", "pympler", "pytest (>=4.3.0)", "six", "mypy", "pytest-mypy-plugins", "zope.interface"]
tests_no_zope = ["coverage[toml] (>=5.0.2)", "hypothesis", "pympler", "pytest (>=4.3.0)", "six", "mypy", "pytest-mypy-plugins"]

[[package]]
name = "blis"
version = "0.7.4"
description = "The Blis BLAS-like linear algebra library, as a self-contained C-extension."
category = "main"
optional = false
python-versions = "*"

[package.dependencies]
numpy = ">=1.15.0"

[[package]]
name = "cachetools"
version = "4.2.4"
description = "Extensible memoizing collections and decorators"
category = "main"
optional = false
python-versions = "~=3.5"

[[package]]
name = "catalogue"
version = "2.0.6"
description = "Super lightweight function registries for your library"
category = "main"
optional = false
python-versions = ">=3.6"

[[package]]
name = "certifi"
version = "2021.5.30"
description = "Python package for providing Mozilla's CA Bundle."
category = "main"
optional = false
python-versions = "*"

[[package]]
name = "chardet"
version = "4.0.0"
description = "Universal encoding detector for Python 2 and 3"
category = "main"
optional = false
python-versions = ">=2.7, !=3.0.*, !=3.1.*, !=3.2.*, !=3.3.*, !=3.4.*"

[[package]]
name = "charset-normalizer"
version = "2.0.6"
description = "The Real First Universal Charset Detector. Open, modern and actively maintained alternative to Chardet."
category = "main"
optional = false
python-versions = ">=3.5.0"

[package.extras]
unicode_backport = ["unicodedata2"]

[[package]]
name = "click"
version = "8.0.1"
description = "Composable command line interface toolkit"
category = "main"
optional = false
python-versions = ">=3.6"

[package.dependencies]
colorama = {version = "*", markers = "platform_system == \"Windows\""}

[[package]]
name = "colorama"
version = "0.4.4"
description = "Cross-platform colored terminal text."
category = "main"
optional = false
python-versions = ">=2.7, !=3.0.*, !=3.1.*, !=3.2.*, !=3.3.*, !=3.4.*"

[[package]]
name = "cymem"
version = "2.0.5"
description = "Manage calls to calloc/free through Cython"
category = "main"
optional = false
python-versions = "*"

[[package]]
name = "datasets"
version = "3.1.0"
description = "HuggingFace community-driven open-source library of datasets"
category = "main"
optional = false
python-versions = ">=3.8.0"

[package.dependencies]
aiohttp = "*"
dill = ">=0.3.0,<0.3.9"
filelock = "*"
fsspec = {version = ">=2023.1.0,<=2024.9.0", extras = ["http"]}
huggingface-hub = ">=0.23.0"
multiprocess = "<0.70.17"
numpy = ">=1.17"
packaging = "*"
pandas = "*"
pyarrow = ">=15.0.0"
pyyaml = ">=5.1"
requests = ">=2.32.2"
tqdm = ">=4.66.3"
xxhash = "*"

[package.extras]
audio = ["soundfile (>=0.12.1)", "librosa", "soxr (>=0.4.0)"]
benchmarks = ["tensorflow (==2.12.0)", "torch (==2.0.1)", "transformers (==4.30.1)"]
dev = ["absl-py", "decorator", "joblib (<1.3.0)", "joblibspark", "pytest", "pytest-datadir", "pytest-xdist", "elasticsearch (<8.0.0)", "faiss-cpu (>=1.8.0.post1)", "lz4", "moto", "pyspark (>=3.4)", "py7zr", "rarfile (>=4.0)", "sqlalchemy", "s3fs (>=2021.11.1)", "protobuf (<4.0.0)", "tiktoken", "torch (>=2.0.0)", "torchdata", "soundfile (>=0.12.1)", "transformers (>=4.42.0)", "zstandard", "polars[timezone] (>=0.20.0)", "decord (==0.6.0)", "Pillow (>=9.4.0)", "librosa", "ruff (>=0.3.0)", "s3fs", "transformers", "torch", "tensorflow (>=2.6.0)", "tensorflow (>=2.6.0)", "tensorflow (>=2.16.0)", "soxr (>=0.4.0)", "jax (>=0.3.14)", "jaxlib (>=0.3.14)"]
docs = ["s3fs", "transformers", "torch", "tensorflow (>=2.6.0)"]
jax = ["jax (>=0.3.14)", "jaxlib (>=0.3.14)"]
quality = ["ruff (>=0.3.0)"]
s3 = ["s3fs"]
tensorflow = ["tensorflow (>=2.6.0)"]
tensorflow-gpu = ["tensorflow (>=2.6.0)"]
tests = ["absl-py", "decorator", "joblib (<1.3.0)", "joblibspark", "pytest", "pytest-datadir", "pytest-xdist", "elasticsearch (<8.0.0)", "faiss-cpu (>=1.8.0.post1)", "lz4", "moto", "pyspark (>=3.4)", "py7zr", "rarfile (>=4.0)", "sqlalchemy", "s3fs (>=2021.11.1)", "protobuf (<4.0.0)", "tiktoken", "torch (>=2.0.0)", "torchdata", "soundfile (>=0.12.1)", "transformers (>=4.42.0)", "zstandard", "polars[timezone] (>=0.20.0)", "decord (==0.6.0)", "Pillow (>=9.4.0)", "librosa", "tensorflow (>=2.6.0)", "tensorflow (>=2.16.0)", "soxr (>=0.4.0)", "jax (>=0.3.14)", "jaxlib (>=0.3.14)"]
tests-numpy2 = ["absl-py", "decorator", "joblib (<1.3.0)", "joblibspark", "pytest", "pytest-datadir", "pytest-xdist", "elasticsearch (<8.0.0)", "lz4", "moto", "pyspark (>=3.4)", "py7zr", "rarfile (>=4.0)", "sqlalchemy", "s3fs (>=2021.11.1)", "protobuf (<4.0.0)", "tiktoken", "torch (>=2.0.0)", "torchdata", "soundfile (>=0.12.1)", "transformers (>=4.42.0)", "zstandard", "polars[timezone] (>=0.20.0)", "decord (==0.6.0)", "Pillow (>=9.4.0)"]
tests_numpy2 = ["soxr (>=0.4.0)", "jax (>=0.3.14)", "jaxlib (>=0.3.14)"]
torch = ["torch"]
vision = ["Pillow (>=9.4.0)"]

[[package]]
name = "dill"
version = "0.3.8"
description = "serialize all of Python"
category = "main"
optional = false
python-versions = ">=3.8"

[package.extras]
graph = ["objgraph (>=1.7.2)"]
profile = ["gprof2dot (>=2022.7.29)"]

[[package]]
name = "filelock"
version = "3.3.0"
description = "A platform independent file lock."
category = "main"
optional = false
python-versions = ">=3.6"

[package.extras]
docs = ["furo (>=2021.8.17b43)", "sphinx (>=4.1)", "sphinx-autodoc-typehints (>=1.12)"]
testing = ["covdefaults (>=1.2.0)", "coverage (>=4)", "pytest (>=4)", "pytest-cov", "pytest-timeout (>=1.4.2)"]

[[package]]
name = "flask"
version = "2.0.2"
description = "A simple framework for building complex web applications."
category = "main"
optional = false
python-versions = ">=3.6"

[package.dependencies]
click = ">=7.1.2"
itsdangerous = ">=2.0"
Jinja2 = ">=3.0"
Werkzeug = ">=2.0"

[package.extras]
async = ["asgiref (>=3.2)"]
dotenv = ["python-dotenv"]

[[package]]
name = "flask-cors"
version = "3.0.10"
description = "A Flask extension adding a decorator for CORS support"
category = "main"
optional = false
python-versions = "*"

[package.dependencies]
Flask = ">=0.9"
Six = "*"

[[package]]
name = "fsspec"
version = "2023.12.2"
description = "File-system specification"
category = "main"
optional = false
python-versions = ">=3.8"

[package.dependencies]
aiohttp = {version = "<4.0.0a0 || >4.0.0a0,<4.0.0a1 || >4.0.0a1", optional = true, markers = "extra == \"http\""}
requests = {version = "*", optional = true, markers = "extra == \"http\""}

[package.extras]
abfs = ["adlfs"]
adl = ["adlfs"]
arrow = ["pyarrow (>=1)"]
dask = ["dask", "distributed"]
devel = ["pytest", "pytest-cov"]
dropbox = ["dropboxdrivefs", "requests", "dropbox"]
full = ["adlfs", "aiohttp (!=4.0.0a0,!=4.0.0a1)", "dask", "distributed", "dropbox", "dropboxdrivefs", "fusepy", "gcsfs", "libarchive-c", "ocifs", "panel", "paramiko", "pyarrow (>=1)", "pygit2", "requests", "s3fs", "smbprotocol", "tqdm"]
fuse = ["fusepy"]
gcs = ["gcsfs"]
git = ["pygit2"]
github = ["requests"]
gs = ["gcsfs"]
gui = ["panel"]
hdfs = ["pyarrow (>=1)"]
http = ["requests", "aiohttp (!=4.0.0a0,!=4.0.0a1)"]
libarchive = ["libarchive-c"]
oci = ["ocifs"]
s3 = ["s3fs"]
sftp = ["paramiko"]
smb = ["smbprotocol"]
ssh = ["paramiko"]
tqdm = ["tqdm"]

[[package]]
name = "future"
version = "0.18.2"
description = "Clean single-source support for Python 3 and 2"
category = "main"
optional = false
python-versions = ">=2.6, !=3.0.*, !=3.1.*, !=3.2.*"

[[package]]
name = "google-auth"
version = "1.35.0"
description = "Google Authentication Library"
category = "main"
optional = false
python-versions = ">=2.7,!=3.0.*,!=3.1.*,!=3.2.*,!=3.3.*,!=3.4.*,!=3.5.*"

[package.dependencies]
cachetools = ">=2.0.0,<5.0"
pyasn1-modules = ">=0.2.1"
rsa = {version = ">=3.1.4,<5", markers = "python_version >= \"3.6\""}
six = ">=1.9.0"

[package.extras]
aiohttp = ["requests (>=2.20.0,<3.0.0dev)", "aiohttp (>=3.6.2,<4.0.0dev)"]
pyopenssl = ["pyopenssl (>=20.0.0)"]
reauth = ["pyu2f (>=0.1.5)"]

[[package]]
name = "google-auth-oauthlib"
version = "0.4.6"
description = "Google Authentication Library"
category = "main"
optional = false
python-versions = ">=3.6"

[package.dependencies]
google-auth = ">=1.0.0"
requests-oauthlib = ">=0.7.0"

[package.extras]
tool = ["click (>=6.0.0)"]

[[package]]
name = "grpcio"
version = "1.41.0"
description = "HTTP/2-based RPC framework"
category = "main"
optional = false
python-versions = "*"

[package.dependencies]
six = ">=1.5.2"

[package.extras]
protobuf = ["grpcio-tools (>=1.41.0)"]

[[package]]
name = "huggingface-hub"
version = "0.26.3"
description = "Client library to download and publish models, datasets and other repos on the huggingface.co hub"
category = "main"
optional = false
python-versions = ">=3.8.0"

[package.dependencies]
filelock = "*"
fsspec = ">=2023.5.0"
packaging = ">=20.9"
pyyaml = ">=5.1"
requests = "*"
tqdm = ">=4.42.1"
typing-extensions = ">=3.7.4.3"

[package.extras]
all = ["InquirerPy (==0.3.4)", "aiohttp", "jedi", "jinja2", "pytest (>=8.1.1,<8.2.2)", "pytest-cov", "pytest-env", "pytest-xdist", "pytest-vcr", "pytest-asyncio", "pytest-rerunfailures", "pytest-mock", "urllib3 (<2.0)", "soundfile", "pillow", "gradio (>=4.0.0)", "numpy", "fastapi", "ruff (>=0.5.0)", "mypy (==1.5.1)", "libcst (==1.4.0)", "typing-extensions (>=4.8.0)", "types-pyyaml", "types-requests", "types-simplejson", "types-toml", "types-tqdm", "types-urllib3"]
cli = ["InquirerPy (==0.3.4)"]
dev = ["InquirerPy (==0.3.4)", "aiohttp", "jedi", "jinja2", "pytest (>=8.1.1,<8.2.2)", "pytest-cov", "pytest-env", "pytest-xdist", "pytest-vcr", "pytest-asyncio", "pytest-rerunfailures", "pytest-mock", "urllib3 (<2.0)", "soundfile", "pillow", "gradio (>=4.0.0)", "numpy", "fastapi", "ruff (>=0.5.0)", "mypy (==1.5.1)", "libcst (==1.4.0)", "typing-extensions (>=4.8.0)", "types-pyyaml", "types-requests", "types-simplejson", "types-toml", "types-tqdm", "types-urllib3"]
fastai = ["toml", "fastai (>=2.4)", "fastcore (>=1.3.27)"]
hf-transfer = ["hf-transfer (>=0.1.4)"]
inference = ["aiohttp"]
quality = ["ruff (>=0.5.0)", "mypy (==1.5.1)", "libcst (==1.4.0)"]
tensorflow = ["tensorflow", "pydot", "graphviz"]
tensorflow-testing = ["tensorflow", "keras (<3.0)"]
testing = ["InquirerPy (==0.3.4)", "aiohttp", "jedi", "jinja2", "pytest (>=8.1.1,<8.2.2)", "pytest-cov", "pytest-env", "pytest-xdist", "pytest-vcr", "pytest-asyncio", "pytest-rerunfailures", "pytest-mock", "urllib3 (<2.0)", "soundfile", "pillow", "gradio (>=4.0.0)", "numpy", "fastapi"]
torch = ["torch", "safetensors"]
typing = ["typing-extensions (>=4.8.0)", "types-pyyaml", "types-requests", "types-simplejson", "types-toml", "types-tqdm", "types-urllib3"]

[[package]]
name = "idna"
version = "3.2"
description = "Internationalized Domain Names in Applications (IDNA)"
category = "main"
optional = false
python-versions = ">=3.5"

[[package]]
name = "importlib-metadata"
version = "4.8.1"
description = "Read metadata from Python packages"
category = "main"
optional = false
python-versions = ">=3.6"

[package.dependencies]
zipp = ">=0.5"

[package.extras]
docs = ["sphinx", "jaraco.packaging (>=8.2)", "rst.linker (>=1.9)"]
perf = ["ipython"]
testing = ["pytest (>=4.6)", "pytest-checkdocs (>=2.4)", "pytest-flake8", "pytest-cov", "pytest-enabler (>=1.0.1)", "packaging", "pep517", "pyfakefs", "flufl.flake8", "pytest-perf (>=0.9.2)", "pytest-black (>=0.3.7)", "pytest-mypy", "importlib-resources (>=1.3)"]

[[package]]
name = "itsdangerous"
version = "2.0.1"
description = "Safely pass data to untrusted environments and back."
category = "main"
optional = false
python-versions = ">=3.6"

[[package]]
name = "jinja2"
version = "3.0.1"
description = "A very fast and expressive template engine."
category = "main"
optional = false
python-versions = ">=3.6"

[package.dependencies]
MarkupSafe = ">=2.0"

[package.extras]
i18n = ["Babel (>=2.7)"]

[[package]]
name = "joblib"
version = "1.0.1"
description = "Lightweight pipelining with Python functions"
category = "main"
optional = false
python-versions = ">=3.6"

[[package]]
name = "markdown"
version = "3.3.4"
description = "Python implementation of Markdown."
category = "main"
optional = false
python-versions = ">=3.6"

[package.extras]
testing = ["coverage", "pyyaml"]

[[package]]
name = "markupsafe"
version = "2.0.1"
description = "Safely add untrusted strings to HTML/XML markup."
category = "main"
optional = false
python-versions = ">=3.6"

[[package]]
name = "mpmath"
version = "1.3.0"
description = "Python library for arbitrary-precision floating-point arithmetic"
category = "main"
optional = false
python-versions = "*"

[package.extras]
develop = ["pytest (>=4.6)", "pycodestyle", "pytest-cov", "codecov", "wheel"]
docs = ["sphinx"]
gmpy = ["gmpy2 (>=2.1.0a4)"]
tests = ["pytest (>=4.6)"]

[[package]]
name = "multidict"
version = "5.2.0"
description = "multidict implementation"
category = "main"
optional = false
python-versions = ">=3.6"

[[package]]
name = "multiprocess"
version = "0.70.16"
description = "better multiprocessing and multithreading in Python"
category = "main"
optional = false
python-versions = ">=3.8"

[package.dependencies]
dill = ">=0.3.8"

[[package]]
name = "murmurhash"
version = "1.0.5"
description = "Cython bindings for MurmurHash"
category = "main"
optional = false
python-versions = "*"

[[package]]
name = "networkx"
version = "3.2.1"
description = "Python package for creating and manipulating graphs and networks"
category = "main"
optional = false
python-versions = ">=3.9"

[package.extras]
default = ["numpy (>=1.22)", "scipy (>=1.9,!=1.11.0,!=1.11.1)", "matplotlib (>=3.5)", "pandas (>=1.4)"]
developer = ["changelist (==0.4)", "pre-commit (>=3.2)", "mypy (>=1.1)", "rtoml"]
doc = ["sphinx (>=7)", "pydata-sphinx-theme (>=0.14)", "sphinx-gallery (>=0.14)", "numpydoc (>=1.6)", "pillow (>=9.4)", "nb2plots (>=0.7)", "texext (>=0.6.7)", "nbconvert (<7.9)"]
extra = ["lxml (>=4.6)", "pygraphviz (>=1.11)", "pydot (>=1.4.2)", "sympy (>=1.10)"]
test = ["pytest (>=7.2)", "pytest-cov (>=4.0)"]

[[package]]
name = "nltk"
version = "3.6.3"
description = "Natural Language Toolkit"
category = "main"
optional = false
python-versions = ">=3.6"

[package.dependencies]
click = "*"
joblib = "*"
regex = "*"
tqdm = "*"

[package.extras]
all = ["gensim (<4.0.0)", "numpy", "pyparsing", "scikit-learn", "scipy", "twython", "python-crfsuite", "requests", "matplotlib"]
corenlp = ["requests"]
machine_learning = ["gensim (<4.0.0)", "numpy", "python-crfsuite", "scikit-learn", "scipy"]
plot = ["matplotlib"]
tgrep = ["pyparsing"]
twitter = ["twython"]

[[package]]
name = "numpy"
version = "1.21.2"
description = "NumPy is the fundamental package for array computing with Python."
category = "main"
optional = false
python-versions = ">=3.7,<3.11"

[[package]]
name = "oauthlib"
version = "3.1.1"
description = "A generic, spec-compliant, thorough implementation of the OAuth request-signing logic"
category = "main"
optional = false
python-versions = ">=3.6"

[package.extras]
rsa = ["cryptography (>=3.0.0,<4)"]
signals = ["blinker (>=1.4.0)"]
signedtoken = ["cryptography (>=3.0.0,<4)", "pyjwt (>=2.0.0,<3)"]

[[package]]
name = "packaging"
version = "21.0"
description = "Core utilities for Python packages"
category = "main"
optional = false
python-versions = ">=3.6"

[package.dependencies]
pyparsing = ">=2.0.2"

[[package]]
name = "pandas"
version = "1.3.3"
description = "Powerful data structures for data analysis, time series, and statistics"
category = "main"
optional = false
python-versions = ">=3.7.1"

[package.dependencies]
numpy = ">=1.17.3"
python-dateutil = ">=2.7.3"
pytz = ">=2017.3"

[package.extras]
test = ["hypothesis (>=3.58)", "pytest (>=6.0)", "pytest-xdist"]

[[package]]
name = "pathy"
version = "0.6.0"
description = "pathlib.Path subclasses for local and cloud bucket storage"
category = "main"
optional = false
python-versions = ">= 3.6"

[package.dependencies]
smart-open = ">=5.0.0,<6.0.0"
typer = ">=0.3.0,<1.0.0"

[package.extras]
all = ["google-cloud-storage (>=1.26.0,<2.0.0)", "boto3", "pytest", "pytest-coverage", "mock", "typer-cli"]
gcs = ["google-cloud-storage (>=1.26.0,<2.0.0)"]
s3 = ["boto3"]
test = ["pytest", "pytest-coverage", "mock", "typer-cli"]

[[package]]
name = "pickle-mixin"
version = "1.0.2"
description = "Makes un-pickle-able objects pick-able."
category = "main"
optional = false
python-versions = "*"

[[package]]
name = "preshed"
version = "3.0.5"
description = "Cython hash table that trusts the keys are pre-hashed"
category = "main"
optional = false
python-versions = "*"

[package.dependencies]
cymem = ">=2.0.2,<2.1.0"
murmurhash = ">=0.28.0,<1.1.0"

[[package]]
name = "protobuf"
version = "3.18.0"
description = "Protocol Buffers"
category = "main"
optional = false
python-versions = "*"

[[package]]
name = "pyarrow"
version = "18.1.0"
description = "Python library for Apache Arrow"
category = "main"
optional = false
python-versions = ">=3.9"

[package.extras]
test = ["pytest", "hypothesis", "cffi", "pytz", "pandas"]

[[package]]
name = "pyasn1"
version = "0.4.8"
description = "ASN.1 types and codecs"
category = "main"
optional = false
python-versions = "*"

[[package]]
name = "pyasn1-modules"
version = "0.2.8"
description = "A collection of ASN.1-based protocols modules."
category = "main"
optional = false
python-versions = "*"

[package.dependencies]
pyasn1 = ">=0.4.6,<0.5.0"

[[package]]
name = "pydantic"
version = "1.8.2"
description = "Data validation and settings management using python 3.6 type hinting"
category = "main"
optional = false
python-versions = ">=3.6.1"

[package.dependencies]
typing-extensions = ">=3.7.4.3"

[package.extras]
dotenv = ["python-dotenv (>=0.10.4)"]
email = ["email-validator (>=1.0.3)"]

[[package]]
name = "pyparsing"
version = "2.4.7"
description = "Python parsing module"
category = "main"
optional = false
python-versions = ">=2.6, !=3.0.*, !=3.1.*, !=3.2.*"

[[package]]
name = "python-dateutil"
version = "2.8.2"
description = "Extensions to the standard Python datetime module"
category = "main"
optional = false
python-versions = "!=3.0.*,!=3.1.*,!=3.2.*,>=2.7"

[package.dependencies]
six = ">=1.5"

[[package]]
name = "pytorch-lightning"
version = "1.2.10"
description = "PyTorch Lightning is the lightweight PyTorch wrapper for ML researchers. Scale your models. Write less boilerplate."
category = "main"
optional = false
python-versions = ">=3.6"

[package.dependencies]
fsspec = {version = ">=0.8.1", extras = ["http"]}
future = ">=0.17.1"
numpy = ">=1.16.6"
packaging = "*"
PyYAML = ">=5.1,<5.4.0 || >=5.5.0"
tensorboard = ">=2.2.0,<2.5.0 || >2.5.0"
torch = ">=1.4"
torchmetrics = "0.2.0"
tqdm = ">=4.41.0"

[package.extras]
all = ["matplotlib (>3.1)", "horovod (>=0.21.2)", "omegaconf (>=2.0.1)", "torchtext (>=0.5)", "onnxruntime (>=1.3.0)", "hydra-core (>=1.0)", "neptune-client (>=0.4.109)", "comet-ml (>=3.1.12)", "mlflow (>=1.0.0)", "test-tube (>=0.7.5)", "wandb (>=0.8.21)", "coverage (>=5.2)", "codecov (>=2.1)", "pytest (>=6.0)", "flake8 (>=3.6)", "check-manifest", "twine (==3.2)", "scikit-learn (>=0.22.2)", "scikit-image (>=0.17.2)", "isort (>=5.6.4)", "mypy (>=0.720,<0.800)", "pre-commit (>=1.0)", "cloudpickle (>=1.3)", "nltk (<3.6)", "pandas", "torchvision (>=0.5)", "gym (>=0.17.0)", "ipython"]
cpu = ["matplotlib (>3.1)", "omegaconf (>=2.0.1)", "torchtext (>=0.5)", "onnxruntime (>=1.3.0)", "hydra-core (>=1.0)", "neptune-client (>=0.4.109)", "comet-ml (>=3.1.12)", "mlflow (>=1.0.0)", "test-tube (>=0.7.5)", "wandb (>=0.8.21)", "coverage (>=5.2)", "codecov (>=2.1)", "pytest (>=6.0)", "flake8 (>=3.6)", "check-manifest", "twine (==3.2)", "scikit-learn (>=0.22.2)", "scikit-image (>=0.17.2)", "isort (>=5.6.4)", "mypy (>=0.720,<0.800)", "pre-commit (>=1.0)", "cloudpickle (>=1.3)", "nltk (<3.6)", "pandas", "torchvision (>=0.5)", "gym (>=0.17.0)", "ipython"]
cpu-extra = ["matplotlib (>3.1)", "omegaconf (>=2.0.1)", "torchtext (>=0.5)", "onnxruntime (>=1.3.0)", "hydra-core (>=1.0)"]
dev = ["matplotlib (>3.1)", "horovod (>=0.21.2)", "omegaconf (>=2.0.1)", "torchtext (>=0.5)", "onnxruntime (>=1.3.0)", "hydra-core (>=1.0)", "neptune-client (>=0.4.109)", "comet-ml (>=3.1.12)", "mlflow (>=1.0.0)", "test-tube (>=0.7.5)", "wandb (>=0.8.21)", "coverage (>=5.2)", "codecov (>=2.1)", "pytest (>=6.0)", "flake8 (>=3.6)", "check-manifest", "twine (==3.2)", "scikit-learn (>=0.22.2)", "scikit-image (>=0.17.2)", "isort (>=5.6.4)", "mypy (>=0.720,<0.800)", "pre-commit (>=1.0)", "cloudpickle (>=1.3)", "nltk (<3.6)", "pandas"]
examples = ["torchvision (>=0.5)", "gym (>=0.17.0)", "ipython"]
extra = ["matplotlib (>3.1)", "horovod (>=0.21.2)", "omegaconf (>=2.0.1)", "torchtext (>=0.5)", "onnxruntime (>=1.3.0)", "hydra-core (>=1.0)"]
loggers = ["neptune-client (>=0.4.109)", "comet-ml (>=3.1.12)", "mlflow (>=1.0.0)", "test-tube (>=0.7.5)", "wandb (>=0.8.21)"]
test = ["coverage (>=5.2)", "codecov (>=2.1)", "pytest (>=6.0)", "flake8 (>=3.6)", "check-manifest", "twine (==3.2)", "scikit-learn (>=0.22.2)", "scikit-image (>=0.17.2)", "isort (>=5.6.4)", "mypy (>=0.720,<0.800)", "pre-commit (>=1.0)", "cloudpickle (>=1.3)", "nltk (<3.6)", "pandas"]

[[package]]
name = "pytz"
version = "2021.3"
description = "World timezone definitions, modern and historical"
category = "main"
optional = false
python-versions = "*"

[[package]]
name = "pyyaml"
version = "5.3.1"
description = "YAML parser and emitter for Python"
category = "main"
optional = false
python-versions = ">=2.7, !=3.0.*, !=3.1.*, !=3.2.*, !=3.3.*, !=3.4.*"

[[package]]
name = "regex"
version = "2021.9.30"
description = "Alternative regular expression module, to replace re."
category = "main"
optional = false
python-versions = "*"

[[package]]
name = "requests"
version = "2.32.3"
description = "Python HTTP for Humans."
category = "main"
optional = false
python-versions = ">=3.8"

[package.dependencies]
certifi = ">=2017.4.17"
charset-normalizer = ">=2,<4"
idna = ">=2.5,<4"
urllib3 = ">=1.21.1,<3"

[package.extras]
socks = ["PySocks (>=1.5.6,!=1.5.7)"]
use-chardet-on-py3 = ["chardet (>=3.0.2,<6)"]

[[package]]
name = "requests-oauthlib"
version = "1.3.0"
description = "OAuthlib authentication support for Requests."
category = "main"
optional = false
python-versions = ">=2.7, !=3.0.*, !=3.1.*, !=3.2.*, !=3.3.*"

[package.dependencies]
oauthlib = ">=3.0.0"
requests = ">=2.0.0"

[package.extras]
rsa = ["oauthlib[signedtoken] (>=3.0.0)"]

[[package]]
name = "rsa"
version = "4.7.2"
description = "Pure-Python RSA implementation"
category = "main"
optional = false
python-versions = ">=3.5, <4"

[package.dependencies]
pyasn1 = ">=0.1.3"

[[package]]
name = "sacremoses"
version = "0.0.46"
description = "SacreMoses"
category = "main"
optional = false
python-versions = "*"

[package.dependencies]
click = "*"
joblib = "*"
regex = "*"
six = "*"
tqdm = "*"

[[package]]
name = "scikit-learn"
version = "1.0"
description = "A set of python modules for machine learning and data mining"
category = "main"
optional = false
python-versions = ">=3.7"

[package.dependencies]
joblib = ">=0.11"
numpy = ">=1.14.6"
scipy = ">=1.1.0"
threadpoolctl = ">=2.0.0"

[package.extras]
benchmark = ["matplotlib (>=2.2.2)", "pandas (>=0.25.0)", "memory-profiler (>=0.57.0)"]
docs = ["matplotlib (>=2.2.2)", "scikit-image (>=0.14.5)", "pandas (>=0.25.0)", "seaborn (>=0.9.0)", "memory-profiler (>=0.57.0)", "sphinx (>=4.0.1)", "sphinx-gallery (>=0.7.0)", "numpydoc (>=1.0.0)", "Pillow (>=7.1.2)", "sphinx-prompt (>=1.3.0)", "sphinxext-opengraph (>=0.4.2)"]
examples = ["matplotlib (>=2.2.2)", "scikit-image (>=0.14.5)", "pandas (>=0.25.0)", "seaborn (>=0.9.0)"]
tests = ["matplotlib (>=2.2.2)", "scikit-image (>=0.14.5)", "pandas (>=0.25.0)", "pytest (>=5.0.1)", "pytest-cov (>=2.9.0)", "flake8 (>=3.8.2)", "black (>=21.6b0)", "mypy (>=0.770)", "pyamg (>=4.0.0)"]

[[package]]
name = "scipy"
version = "1.7.1"
description = "SciPy: Scientific Library for Python"
category = "main"
optional = false
python-versions = ">=3.7,<3.10"

[package.dependencies]
numpy = ">=1.16.5,<1.23.0"

[[package]]
name = "sense2vec"
version = "2.0.0"
description = "Contextually-keyed word vectors"
category = "main"
optional = false
python-versions = ">=3.6"

[package.dependencies]
catalogue = ">=2.0.1,<2.1.0"
numpy = ">=1.15.0"
spacy = ">=3.0.0,<4.0.0"
srsly = ">=2.4.0,<3.0.0"
wasabi = ">=0.8.1,<1.1.0"

[[package]]
name = "sentencepiece"
version = "0.2.0"
description = "SentencePiece python wrapper"
category = "main"
optional = false
python-versions = "*"

[[package]]
name = "six"
version = "1.16.0"
description = "Python 2 and 3 compatibility utilities"
category = "main"
optional = false
python-versions = ">=2.7, !=3.0.*, !=3.1.*, !=3.2.*"

[[package]]
name = "smart-open"
version = "5.2.1"
description = "Utils for streaming large files (S3, HDFS, GCS, Azure Blob Storage, gzip, bz2...)"
category = "main"
optional = false
python-versions = ">=3.6,<4.0"

[package.extras]
all = ["boto3", "google-cloud-storage", "azure-storage-blob", "azure-common", "azure-core", "requests"]
azure = ["azure-storage-blob", "azure-common", "azure-core"]
gcs = ["google-cloud-storage"]
http = ["requests"]
s3 = ["boto3"]
test = ["boto3", "google-cloud-storage", "azure-storage-blob", "azure-common", "azure-core", "requests", "moto[server] (==1.3.14)", "pathlib2", "responses", "paramiko", "parameterizedtestcase", "pytest", "pytest-rerunfailures"]
webhdfs = ["requests"]

[[package]]
name = "spacy"
version = "3.1.3"
description = "Industrial-strength Natural Language Processing (NLP) in Python"
category = "main"
optional = false
python-versions = ">=3.6"

[package.dependencies]
blis = ">=0.4.0,<0.8.0"
catalogue = ">=2.0.6,<2.1.0"
cymem = ">=2.0.2,<2.1.0"
jinja2 = "*"
murmurhash = ">=0.28.0,<1.1.0"
numpy = ">=1.15.0"
packaging = ">=20.0"
pathy = ">=0.3.5"
preshed = ">=3.0.2,<3.1.0"
pydantic = ">=1.7.4,<1.8 || >1.8,<1.8.1 || >1.8.1,<1.9.0"
requests = ">=2.13.0,<3.0.0"
spacy-legacy = ">=3.0.8,<3.1.0"
srsly = ">=2.4.1,<3.0.0"
thinc = ">=8.0.9,<8.1.0"
tqdm = ">=4.38.0,<5.0.0"
typer = ">=0.3.0,<0.5.0"
wasabi = ">=0.8.1,<1.1.0"

[package.extras]
cuda = ["cupy (>=5.0.0b4,<10.0.0)"]
cuda100 = ["cupy-cuda100 (>=5.0.0b4,<10.0.0)"]
cuda101 = ["cupy-cuda101 (>=5.0.0b4,<10.0.0)"]
cuda102 = ["cupy-cuda102 (>=5.0.0b4,<10.0.0)"]
cuda110 = ["cupy-cuda110 (>=5.0.0b4,<10.0.0)"]
cuda111 = ["cupy-cuda111 (>=5.0.0b4,<10.0.0)"]
cuda112 = ["cupy-cuda112 (>=5.0.0b4,<10.0.0)"]
cuda80 = ["cupy-cuda80 (>=5.0.0b4,<10.0.0)"]
cuda90 = ["cupy-cuda90 (>=5.0.0b4,<10.0.0)"]
cuda91 = ["cupy-cuda91 (>=5.0.0b4,<10.0.0)"]
cuda92 = ["cupy-cuda92 (>=5.0.0b4,<10.0.0)"]
ja = ["sudachipy (>=0.4.9)", "sudachidict-core (>=20200330)"]
ko = ["natto-py (==0.9.0)"]
lookups = ["spacy-lookups-data (>=1.0.2,<1.1.0)"]
ray = ["spacy-ray (>=0.1.0,<1.0.0)"]
th = ["pythainlp (>=2.0)"]
transformers = ["spacy-transformers (>=1.0.1,<1.1.0)"]

[[package]]
name = "spacy-legacy"
version = "3.0.8"
description = "Legacy registered functions for spaCy backwards compatibility"
category = "main"
optional = false
python-versions = ">=3.6"

[[package]]
name = "srsly"
version = "2.4.1"
description = "Modern high-performance serialization utilities for Python"
category = "main"
optional = false
python-versions = ">=3.6"

[package.dependencies]
catalogue = ">=2.0.1,<2.1.0"

[[package]]
name = "sympy"
version = "1.13.3"
description = "Computer algebra system (CAS) in Python"
category = "main"
optional = false
python-versions = ">=3.8"

[package.dependencies]
mpmath = ">=1.1.0,<1.4"

[package.extras]
dev = ["pytest (>=7.1.0)", "hypothesis (>=6.70.0)"]

[[package]]
name = "tensorboard"
version = "2.6.0"
description = "TensorBoard lets you watch Tensors Flow"
category = "main"
optional = false
python-versions = ">=3.6"

[package.dependencies]
absl-py = ">=0.4"
google-auth = ">=1.6.3,<2"
google-auth-oauthlib = ">=0.4.1,<0.5"
grpcio = ">=1.24.3"
markdown = ">=2.6.8"
numpy = ">=1.12.0"
protobuf = ">=3.6.0"
requests = ">=2.21.0,<3"
tensorboard-data-server = ">=0.6.0,<0.7.0"
tensorboard-plugin-wit = ">=1.6.0"
werkzeug = ">=0.11.15"

[[package]]
name = "tensorboard-data-server"
version = "0.6.1"
description = "Fast data loading for TensorBoard"
category = "main"
optional = false
python-versions = ">=3.6"

[[package]]
name = "tensorboard-plugin-wit"
version = "1.8.0"
description = "What-If Tool TensorBoard plugin."
category = "main"
optional = false
python-versions = "*"

[[package]]
name = "thinc"
version = "8.0.10"
description = "A refreshing functional take on deep learning, compatible with your favorite libraries"
category = "main"
optional = false
python-versions = ">=3.6"

[package.dependencies]
blis = ">=0.4.0,<0.8.0"
catalogue = ">=2.0.4,<2.1.0"
cymem = ">=2.0.2,<2.1.0"
murmurhash = ">=0.28.0,<1.1.0"
numpy = ">=1.15.0"
preshed = ">=3.0.2,<3.1.0"
pydantic = ">=1.7.4,<1.8 || >1.8,<1.8.1 || >1.8.1,<1.9.0"
srsly = ">=2.4.0,<3.0.0"
wasabi = ">=0.8.1,<1.1.0"

[package.extras]
cuda = ["cupy (>=5.0.0b4)"]
cuda100 = ["cupy-cuda100 (>=5.0.0b4)"]
cuda101 = ["cupy-cuda101 (>=5.0.0b4)"]
cuda102 = ["cupy-cuda102 (>=5.0.0b4)"]
cuda110 = ["cupy-cuda110 (>=5.0.0b4)"]
cuda111 = ["cupy-cuda111 (>=5.0.0b4)"]
cuda80 = ["cupy-cuda80 (>=5.0.0b4)"]
cuda90 = ["cupy-cuda90 (>=5.0.0b4)"]
cuda91 = ["cupy-cuda91 (>=5.0.0b4)"]
cuda92 = ["cupy-cuda92 (>=5.0.0b4)"]
datasets = ["ml-datasets (>=0.2.0,<0.3.0)"]
mxnet = ["mxnet (>=1.5.1,<1.6.0)"]
tensorflow = ["tensorflow (>=2.0.0,<2.3.0)"]
torch = ["torch (>=1.5.0)"]

[[package]]
name = "threadpoolctl"
version = "3.0.0"
description = "threadpoolctl"
category = "main"
optional = false
python-versions = ">=3.6"

[[package]]
name = "tokenizers"
version = "0.10.3"
description = "Fast and Customizable Tokenizers"
category = "main"
optional = false
python-versions = "*"

[package.extras]
testing = ["pytest"]

[[package]]
name = "toolz"
version = "0.11.1"
description = "List processing tools and functional utilities"
category = "main"
optional = false
python-versions = ">=3.5"

[[package]]
name = "torch"
version = "2.0.1"
description = "Tensors and Dynamic neural networks in Python with strong GPU acceleration"
category = "main"
optional = false
python-versions = ">=3.8.0"

[package.dependencies]
filelock = "*"
jinja2 = "*"
networkx = "*"
sympy = "*"
typing-extensions = "*"

[package.extras]
opt-einsum = ["opt-einsum (>=3.3)"]

[[package]]
name = "torchmetrics"
version = "0.2.0"
description = "PyTorch native Metrics"
category = "main"
optional = false
python-versions = ">=3.6"

[package.dependencies]
torch = ">=1.3.1"

[[package]]
name = "tqdm"
version = "4.67.1"
description = "Fast, Extensible Progress Meter"
category = "main"
optional = false
python-versions = ">=3.7"

[package.dependencies]
colorama = {version = "*", markers = "platform_system == \"Windows\""}

[package.extras]
dev = ["pytest (>=6)", "pytest-cov", "pytest-timeout", "pytest-asyncio (>=0.24)", "nbval"]
discord = ["requests"]
slack = ["slack-sdk"]
telegram = ["requests"]
notebook = ["ipywidgets (>=6)"]

[[package]]
name = "transformers"
version = "4.3.0"
description = "State-of-the-art Natural Language Processing for TensorFlow 2.0 and PyTorch"
category = "main"
optional = false
python-versions = ">=3.6.0"

[package.dependencies]
filelock = "*"
numpy = ">=1.17"
packaging = "*"
regex = "!=2019.12.17"
requests = "*"
sacremoses = "*"
tokenizers = ">=0.10.1,<0.11"
tqdm = ">=4.27"

[package.extras]
all = ["tensorflow (>=2.3)", "onnxconverter-common", "keras2onnx", "torch (>=1.0)", "jax (>=0.2.8)", "jaxlib (>=0.1.59)", "flax (>=0.2.2)", "sentencepiece (==0.1.91)", "protobuf", "tokenizers (>=0.10.1,<0.11)"]
dev = ["tensorflow (>=2.3)", "onnxconverter-common", "keras2onnx", "torch (>=1.0)", "jax (>=0.2.8)", "jaxlib (>=0.1.59)", "flax (>=0.2.2)", "sentencepiece (==0.1.91)", "protobuf", "tokenizers (>=0.10.1,<0.11)", "pytest", "pytest-xdist", "timeout-decorator", "parameterized", "psutil", "datasets", "faiss-cpu", "cookiecutter (==1.7.2)", "soundfile", "black (>=20.8b1)", "isort (>=5.5.4)", "flake8 (>=3.8.3)", "fugashi (>=1.0)", "ipadic (>=1.0.0,<2.0)", "unidic-lite (>=1.0.7)", "unidic (>=1.0.2)", "recommonmark", "sphinx (==3.2.1)", "sphinx-markdown-tables", "sphinx-rtd-theme (==0.4.3)", "sphinx-copybutton", "scikit-learn"]
docs = ["recommonmark", "sphinx (==3.2.1)", "sphinx-markdown-tables", "sphinx-rtd-theme (==0.4.3)", "sphinx-copybutton"]
flax = ["jax (>=0.2.8)", "jaxlib (>=0.1.59)", "flax (>=0.2.2)"]
ja = ["fugashi (>=1.0)", "ipadic (>=1.0.0,<2.0)", "unidic-lite (>=1.0.7)", "unidic (>=1.0.2)"]
modelcreation = ["cookiecutter (==1.7.2)"]
onnxruntime = ["onnxruntime (>=1.4.0)", "onnxruntime-tools (>=1.4.2)"]
quality = ["black (>=20.8b1)", "isort (>=5.5.4)", "flake8 (>=3.8.3)"]
retrieval = ["faiss-cpu", "datasets"]
sentencepiece = ["sentencepiece (==0.1.91)", "protobuf"]
serving = ["pydantic", "uvicorn", "fastapi", "starlette"]
sklearn = ["scikit-learn"]
speech = ["soundfile"]
testing = ["pytest", "pytest-xdist", "timeout-decorator", "parameterized", "psutil", "datasets", "faiss-cpu", "cookiecutter (==1.7.2)", "soundfile"]
tf = ["tensorflow (>=2.3)", "onnxconverter-common", "keras2onnx"]
tf-cpu = ["tensorflow-cpu (>=2.3)", "onnxconverter-common", "keras2onnx"]
tokenizers = ["tokenizers (>=0.10.1,<0.11)"]
torch = ["torch (>=1.0)"]
torchhub = ["filelock", "importlib-metadata", "numpy (>=1.17)", "packaging", "protobuf", "regex (!=2019.12.17)", "requests", "sacremoses", "sentencepiece (==0.1.91)", "torch (>=1.0)", "tokenizers (>=0.10.1,<0.11)", "tqdm (>=4.27)"]

[[package]]
name = "typer"
version = "0.4.0"
description = "Typer, build great CLIs. Easy to code. Based on Python type hints."
category = "main"
optional = false
python-versions = ">=3.6"

[package.dependencies]
click = ">=7.1.1,<9.0.0"

[package.extras]
all = ["colorama (>=0.4.3,<0.5.0)", "shellingham (>=1.3.0,<2.0.0)"]
dev = ["autoflake (>=1.3.1,<2.0.0)", "flake8 (>=3.8.3,<4.0.0)"]
doc = ["mkdocs (>=1.1.2,<2.0.0)", "mkdocs-material (>=5.4.0,<6.0.0)", "markdown-include (>=0.5.1,<0.6.0)"]
test = ["shellingham (>=1.3.0,<2.0.0)", "pytest (>=4.4.0,<5.4.0)", "pytest-cov (>=2.10.0,<3.0.0)", "coverage (>=5.2,<6.0)", "pytest-xdist (>=1.32.0,<2.0.0)", "pytest-sugar (>=0.9.4,<0.10.0)", "mypy (==0.910)", "black (>=19.10b0,<20.0b0)", "isort (>=5.0.6,<6.0.0)"]

[[package]]
name = "typing-extensions"
version = "3.10.0.2"
description = "Backported and Experimental Type Hints for Python 3.5+"
category = "main"
optional = false
python-versions = "*"

[[package]]
name = "urllib3"
version = "1.26.7"
description = "HTTP library with thread-safe connection pooling, file post, and more."
category = "main"
optional = false
python-versions = ">=2.7, !=3.0.*, !=3.1.*, !=3.2.*, !=3.3.*, !=3.4.*, <4"

[package.extras]
brotli = ["brotlipy (>=0.6.0)"]
secure = ["pyOpenSSL (>=0.14)", "cryptography (>=1.3.4)", "idna (>=2.0.0)", "certifi", "ipaddress"]
socks = ["PySocks (>=1.5.6,!=1.5.7,<2.0)"]

[[package]]
name = "wasabi"
version = "0.8.2"
description = "A lightweight console printing and formatting toolkit"
category = "main"
optional = false
python-versions = "*"

[[package]]
name = "werkzeug"
version = "2.0.1"
description = "The comprehensive WSGI web application library."
category = "main"
optional = false
python-versions = ">=3.6"

[package.extras]
watchdog = ["watchdog"]

[[package]]
name = "xxhash"
version = "3.5.0"
description = "Python binding for xxHash"
category = "main"
optional = false
python-versions = ">=3.7"

[[package]]
name = "yarl"
version = "1.6.3"
description = "Yet another URL library"
category = "main"
optional = false
python-versions = ">=3.6"

[package.dependencies]
idna = ">=2.0"
multidict = ">=4.0"

[[package]]
name = "zipp"
version = "3.6.0"
description = "Backport of pathlib-compatible object wrapper for zip files"
category = "main"
optional = false
python-versions = ">=3.6"

[package.extras]
docs = ["sphinx", "jaraco.packaging (>=8.2)", "rst.linker (>=1.9)"]
testing = ["pytest (>=4.6)", "pytest-checkdocs (>=2.4)", "pytest-flake8", "pytest-cov", "pytest-enabler (>=1.0.1)", "jaraco.itertools", "func-timeout", "pytest-black (>=0.3.7)", "pytest-mypy"]

[metadata]
lock-version = "1.1"
python-versions = "3.9.20"
content-hash = "45aa0540e3522ec307af890d2a5e5f6e6c73d514737a53901550bc0c436cc219"

[metadata.files]
absl-py = []
aiohttp = []
async-timeout = []
attrs = []
blis = []
cachetools = []
catalogue = []
certifi = []
chardet = []
charset-normalizer = []
click = []
colorama = []
cymem = []
datasets = []
dill = []
filelock = []
flask = []
flask-cors = []
fsspec = []
future = []
google-auth = []
google-auth-oauthlib = []
grpcio = []
huggingface-hub = []
idna = []
importlib-metadata = []
itsdangerous = []
jinja2 = []
joblib = []
markdown = []
markupsafe = []
mpmath = []
multidict = []
multiprocess = []
murmurhash = []
networkx = []
nltk = []
numpy = []
oauthlib = []
packaging = []
pandas = []
pathy = []
pickle-mixin = []
preshed = []
protobuf = []
pyarrow = []
pyasn1 = []
pyasn1-modules = []
pydantic = []
pyparsing = []
python-dateutil = []
pytorch-lightning = []
pytz = []
pyyaml = []
regex = []
requests = []
requests-oauthlib = []
rsa = []
sacremoses = []
scikit-learn = []
scipy = []
sense2vec = []
sentencepiece = []
six = []
smart-open = []
spacy = []
spacy-legacy = []
srsly = []
sympy = []
tensorboard = []
tensorboard-data-server = []
tensorboard-plugin-wit = []
thinc = []
threadpoolctl = []
tokenizers = []
toolz = []
torch = []
torchmetrics = []
tqdm = []
transformers = []
typer = []
typing-extensions = []
urllib3 = []
wasabi = []
werkzeug = []
xxhash = []
yarl = []
zipp = []
